// !$*UTF8*$!
{
	archiveVersion = 1;
	classes = {
	};
	objectVersion = 50;
	objects = {

/* Begin PBXBuildFile section */
		110081EA26F27BA1007E33A1 /* ChecklistView.swift in Sources */ = {isa = PBXBuildFile; fileRef = 110081E826F27BA1007E33A1 /* ChecklistView.swift */; };
		110081EB26F27BA1007E33A1 /* ChecklistItemView.swift in Sources */ = {isa = PBXBuildFile; fileRef = 110081E926F27BA1007E33A1 /* ChecklistItemView.swift */; };
		B1C0177826EFD27200389714 /* OpenCardHeaderView.swift in Sources */ = {isa = PBXBuildFile; fileRef = B1C0177726EFD27200389714 /* OpenCardHeaderView.swift */; };
		D749BC6E26EA811B004E7B99 /* CardCollectionViewCell.swift in Sources */ = {isa = PBXBuildFile; fileRef = D749BC6D26EA811A004E7B99 /* CardCollectionViewCell.swift */; };
		D749BC7026EA9A66004E7B99 /* ImpactsView.swift in Sources */ = {isa = PBXBuildFile; fileRef = D749BC6F26EA9A66004E7B99 /* ImpactsView.swift */; };
		D749BC7226EEB15B004E7B99 /* OpenCardViewController.swift in Sources */ = {isa = PBXBuildFile; fileRef = D749BC7126EEB15B004E7B99 /* OpenCardViewController.swift */; };
		D749BC7426EEB5E3004E7B99 /* ProgressBar.swift in Sources */ = {isa = PBXBuildFile; fileRef = D749BC7326EEB5E3004E7B99 /* ProgressBar.swift */; };
		FA0AA4CA26E3DB0600892E4C /* TabBarViewController.swift in Sources */ = {isa = PBXBuildFile; fileRef = FA0AA4C926E3DB0600892E4C /* TabBarViewController.swift */; };
		FA0AA4D026E3FA9100892E4C /* NewTaskButton.swift in Sources */ = {isa = PBXBuildFile; fileRef = FA0AA4CF26E3FA9100892E4C /* NewTaskButton.swift */; };
		FA0AA4D326E40C0E00892E4C /* NewChallengeViewController.swift in Sources */ = {isa = PBXBuildFile; fileRef = FA0AA4D226E40C0E00892E4C /* NewChallengeViewController.swift */; };
		FA0AA4D626E40FD300892E4C /* CategoryTagCollectionViewCell.swift in Sources */ = {isa = PBXBuildFile; fileRef = FA0AA4D526E40FD300892E4C /* CategoryTagCollectionViewCell.swift */; };
		FA29894826E15D7B0078BE1A /* CheckListItem.swift in Sources */ = {isa = PBXBuildFile; fileRef = FA29894726E15D7B0078BE1A /* CheckListItem.swift */; };
		FA29894A26E161DA0078BE1A /* CheckListViewController.swift in Sources */ = {isa = PBXBuildFile; fileRef = FA29894926E161DA0078BE1A /* CheckListViewController.swift */; };
		FA3FE90E26EA4E790013ABAB /* HomeViewAnim.swift in Sources */ = {isa = PBXBuildFile; fileRef = FA3FE90D26EA4E790013ABAB /* HomeViewAnim.swift */; };
		FA3FE91026EA4F250013ABAB /* CheckButtonAnim.swift in Sources */ = {isa = PBXBuildFile; fileRef = FA3FE90F26EA4F250013ABAB /* CheckButtonAnim.swift */; };
		FA683A3A26F119C00094BBAB /* Ubuntu-Regular.ttf in Resources */ = {isa = PBXBuildFile; fileRef = FA683A3926F119C00094BBAB /* Ubuntu-Regular.ttf */; };
		FA683A3C26F119CF0094BBAB /* Ubuntu-Bold.ttf in Resources */ = {isa = PBXBuildFile; fileRef = FA683A3B26F119CF0094BBAB /* Ubuntu-Bold.ttf */; };
		FA683A3E26F13B4E0094BBAB /* Ubuntu-Medium.ttf in Resources */ = {isa = PBXBuildFile; fileRef = FA683A3D26F13B4E0094BBAB /* Ubuntu-Medium.ttf */; };
		FA683A4026F15AAB0094BBAB /* FilterCollectionViewDelegate.swift in Sources */ = {isa = PBXBuildFile; fileRef = FA683A3F26F15AAB0094BBAB /* FilterCollectionViewDelegate.swift */; };
		FA683A4226F15EAF0094BBAB /* NewChallengeVCExtension.swift in Sources */ = {isa = PBXBuildFile; fileRef = FA683A4126F15EAF0094BBAB /* NewChallengeVCExtension.swift */; };
		FA6E440126E3B71B004DCA5A /* Benefits.swift in Sources */ = {isa = PBXBuildFile; fileRef = FA6E440026E3B71B004DCA5A /* Benefits.swift */; };
		FA6E440326E3BBD0004DCA5A /* HeaderCollectionReusableView.swift in Sources */ = {isa = PBXBuildFile; fileRef = FA6E440226E3BBD0004DCA5A /* HeaderCollectionReusableView.swift */; };
		FA6F20A426F2491500803535 /* ImpactsStackView.swift in Sources */ = {isa = PBXBuildFile; fileRef = FA6F20A326F2491500803535 /* ImpactsStackView.swift */; };
		FA72DC8026E5080A0095CC81 /* StringExtension.swift in Sources */ = {isa = PBXBuildFile; fileRef = FA72DC7F26E5080A0095CC81 /* StringExtension.swift */; };
		FA72E0E326E57E3000976C8B /* User.swift in Sources */ = {isa = PBXBuildFile; fileRef = FA72E0E226E57E3000976C8B /* User.swift */; };
		FA72E0E826E58C7B00976C8B /* CompletedChallenge.swift in Sources */ = {isa = PBXBuildFile; fileRef = FA72E0E726E58C7B00976C8B /* CompletedChallenge.swift */; };
		FA72E0EC26E686CE00976C8B /* Achievement.swift in Sources */ = {isa = PBXBuildFile; fileRef = FA72E0EB26E686CE00976C8B /* Achievement.swift */; };
		FA72E0F026E6920A00976C8B /* AllAchievements.swift in Sources */ = {isa = PBXBuildFile; fileRef = FA72E0EF26E6920A00976C8B /* AllAchievements.swift */; };
		FA72E0F326E6D1A400976C8B /* AllChallenges.swift in Sources */ = {isa = PBXBuildFile; fileRef = FA72E0F226E6D1A400976C8B /* AllChallenges.swift */; };
		FA72E0F526E6D39400976C8B /* Record.swift in Sources */ = {isa = PBXBuildFile; fileRef = FA72E0F426E6D39400976C8B /* Record.swift */; };
		FA72E0F726E6D3A800976C8B /* ArrayOfChallengesFilterExtension.swift in Sources */ = {isa = PBXBuildFile; fileRef = FA72E0F626E6D3A800976C8B /* ArrayOfChallengesFilterExtension.swift */; };
		FA74ED9826ECFA9800AE9639 /* ProfileViewController.swift in Sources */ = {isa = PBXBuildFile; fileRef = FA74ED9726ECFA9800AE9639 /* ProfileViewController.swift */; };
		FA74ED9B26ECFACC00AE9639 /* ProfileHeaderView.swift in Sources */ = {isa = PBXBuildFile; fileRef = FA74ED9A26ECFACC00AE9639 /* ProfileHeaderView.swift */; };
		FA74ED9D26ED0BF900AE9639 /* ImpactCollectionViewCell.swift in Sources */ = {isa = PBXBuildFile; fileRef = FA74ED9C26ED0BF900AE9639 /* ImpactCollectionViewCell.swift */; };
		FA74EDA126EE298B00AE9639 /* ImageTitleSubtitleTableViewCell.swift in Sources */ = {isa = PBXBuildFile; fileRef = FA74EDA026EE298B00AE9639 /* ImageTitleSubtitleTableViewCell.swift */; };
		FA74EDA326EE38BF00AE9639 /* CompletedChallengeTableViewHeader.swift in Sources */ = {isa = PBXBuildFile; fileRef = FA74EDA226EE38BF00AE9639 /* CompletedChallengeTableViewHeader.swift */; };
		FA74EDA526EE46A800AE9639 /* ImpactHeaderCollectionReusableView.swift in Sources */ = {isa = PBXBuildFile; fileRef = FA74EDA426EE46A800AE9639 /* ImpactHeaderCollectionReusableView.swift */; };
		FA74EDA826EE5E1E00AE9639 /* RecordViewController.swift in Sources */ = {isa = PBXBuildFile; fileRef = FA74EDA726EE5E1E00AE9639 /* RecordViewController.swift */; };
		FA74EDAB26EECB7C00AE9639 /* RecordViewControllerTableViewExtension.swift in Sources */ = {isa = PBXBuildFile; fileRef = FA74EDAA26EECB7C00AE9639 /* RecordViewControllerTableViewExtension.swift */; };
		FA74EDAF26EECBEE00AE9639 /* ProfileTableViewExtension.swift in Sources */ = {isa = PBXBuildFile; fileRef = FA74EDAE26EECBEE00AE9639 /* ProfileTableViewExtension.swift */; };
		FA74EDB126EECC0A00AE9639 /* ProfileCollectionViewExtension.swift in Sources */ = {isa = PBXBuildFile; fileRef = FA74EDB026EECC0A00AE9639 /* ProfileCollectionViewExtension.swift */; };
		FA74EDB426EECD2C00AE9639 /* InfoViewController.swift in Sources */ = {isa = PBXBuildFile; fileRef = FA74EDB326EECD2C00AE9639 /* InfoViewController.swift */; };
		FA74EDB726EECE5100AE9639 /* CategoryInfo.swift in Sources */ = {isa = PBXBuildFile; fileRef = FA74EDB626EECE5100AE9639 /* CategoryInfo.swift */; };
		FAB6A16B26E1166800852FA7 /* HomeViewCollectionViewExtension.swift in Sources */ = {isa = PBXBuildFile; fileRef = FAB6A16A26E1166800852FA7 /* HomeViewCollectionViewExtension.swift */; };
		FAD4CC1526E51BAE00818DE9 /* RepeatableChallenge.swift in Sources */ = {isa = PBXBuildFile; fileRef = FAD4CC1426E51BAE00818DE9 /* RepeatableChallenge.swift */; };
		FAD4CC1726E51CFE00818DE9 /* StepChallenge.swift in Sources */ = {isa = PBXBuildFile; fileRef = FAD4CC1626E51CFE00818DE9 /* StepChallenge.swift */; };
		FADB9AA126DFF08400BE8481 /* AppDelegate.swift in Sources */ = {isa = PBXBuildFile; fileRef = FADB9AA026DFF08400BE8481 /* AppDelegate.swift */; };
		FADB9AA326DFF08400BE8481 /* SceneDelegate.swift in Sources */ = {isa = PBXBuildFile; fileRef = FADB9AA226DFF08400BE8481 /* SceneDelegate.swift */; };
		FADB9AA526DFF08400BE8481 /* ViewController.swift in Sources */ = {isa = PBXBuildFile; fileRef = FADB9AA426DFF08400BE8481 /* ViewController.swift */; };
		FADB9AA826DFF08400BE8481 /* Main.storyboard in Resources */ = {isa = PBXBuildFile; fileRef = FADB9AA626DFF08400BE8481 /* Main.storyboard */; };
		FADB9AAA26DFF08500BE8481 /* Assets.xcassets in Resources */ = {isa = PBXBuildFile; fileRef = FADB9AA926DFF08500BE8481 /* Assets.xcassets */; };
		FADB9AAD26DFF08500BE8481 /* LaunchScreen.storyboard in Resources */ = {isa = PBXBuildFile; fileRef = FADB9AAB26DFF08500BE8481 /* LaunchScreen.storyboard */; };
		FADB9AB826DFF53400BE8481 /* ChallengeCell.swift in Sources */ = {isa = PBXBuildFile; fileRef = FADB9AB726DFF53400BE8481 /* ChallengeCell.swift */; };
		FADB9ABA26DFF9E200BE8481 /* Category.swift in Sources */ = {isa = PBXBuildFile; fileRef = FADB9AB926DFF9E200BE8481 /* Category.swift */; };
		FADB9ABC26DFFB9800BE8481 /* HomeViewController.swift in Sources */ = {isa = PBXBuildFile; fileRef = FADB9ABB26DFFB9800BE8481 /* HomeViewController.swift */; };
		FADB9ABE26DFFF1700BE8481 /* ChallengeProtocol.swift in Sources */ = {isa = PBXBuildFile; fileRef = FADB9ABD26DFFF1700BE8481 /* ChallengeProtocol.swift */; };
/* End PBXBuildFile section */

/* Begin PBXFileReference section */
		110081E826F27BA1007E33A1 /* ChecklistView.swift */ = {isa = PBXFileReference; fileEncoding = 4; lastKnownFileType = sourcecode.swift; path = ChecklistView.swift; sourceTree = "<group>"; };
		110081E926F27BA1007E33A1 /* ChecklistItemView.swift */ = {isa = PBXFileReference; fileEncoding = 4; lastKnownFileType = sourcecode.swift; path = ChecklistItemView.swift; sourceTree = "<group>"; };
		B1C0177726EFD27200389714 /* OpenCardHeaderView.swift */ = {isa = PBXFileReference; lastKnownFileType = sourcecode.swift; path = OpenCardHeaderView.swift; sourceTree = "<group>"; };
		D749BC6D26EA811A004E7B99 /* CardCollectionViewCell.swift */ = {isa = PBXFileReference; lastKnownFileType = sourcecode.swift; path = CardCollectionViewCell.swift; sourceTree = "<group>"; };
		D749BC6F26EA9A66004E7B99 /* ImpactsView.swift */ = {isa = PBXFileReference; lastKnownFileType = sourcecode.swift; path = ImpactsView.swift; sourceTree = "<group>"; };
		D749BC7126EEB15B004E7B99 /* OpenCardViewController.swift */ = {isa = PBXFileReference; lastKnownFileType = sourcecode.swift; path = OpenCardViewController.swift; sourceTree = "<group>"; };
		D749BC7326EEB5E3004E7B99 /* ProgressBar.swift */ = {isa = PBXFileReference; lastKnownFileType = sourcecode.swift; path = ProgressBar.swift; sourceTree = "<group>"; };
		FA0AA4C926E3DB0600892E4C /* TabBarViewController.swift */ = {isa = PBXFileReference; lastKnownFileType = sourcecode.swift; path = TabBarViewController.swift; sourceTree = "<group>"; };
		FA0AA4CF26E3FA9100892E4C /* NewTaskButton.swift */ = {isa = PBXFileReference; lastKnownFileType = sourcecode.swift; path = NewTaskButton.swift; sourceTree = "<group>"; };
		FA0AA4D226E40C0E00892E4C /* NewChallengeViewController.swift */ = {isa = PBXFileReference; lastKnownFileType = sourcecode.swift; path = NewChallengeViewController.swift; sourceTree = "<group>"; };
		FA0AA4D526E40FD300892E4C /* CategoryTagCollectionViewCell.swift */ = {isa = PBXFileReference; lastKnownFileType = sourcecode.swift; path = CategoryTagCollectionViewCell.swift; sourceTree = "<group>"; };
		FA29894726E15D7B0078BE1A /* CheckListItem.swift */ = {isa = PBXFileReference; lastKnownFileType = sourcecode.swift; path = CheckListItem.swift; sourceTree = "<group>"; };
		FA29894926E161DA0078BE1A /* CheckListViewController.swift */ = {isa = PBXFileReference; lastKnownFileType = sourcecode.swift; path = CheckListViewController.swift; sourceTree = "<group>"; };
		FA3FE90D26EA4E790013ABAB /* HomeViewAnim.swift */ = {isa = PBXFileReference; lastKnownFileType = sourcecode.swift; path = HomeViewAnim.swift; sourceTree = "<group>"; };
		FA3FE90F26EA4F250013ABAB /* CheckButtonAnim.swift */ = {isa = PBXFileReference; lastKnownFileType = sourcecode.swift; path = CheckButtonAnim.swift; sourceTree = "<group>"; };
		FA683A3926F119C00094BBAB /* Ubuntu-Regular.ttf */ = {isa = PBXFileReference; lastKnownFileType = file; path = "Ubuntu-Regular.ttf"; sourceTree = "<group>"; };
		FA683A3B26F119CF0094BBAB /* Ubuntu-Bold.ttf */ = {isa = PBXFileReference; lastKnownFileType = file; path = "Ubuntu-Bold.ttf"; sourceTree = "<group>"; };
		FA683A3D26F13B4E0094BBAB /* Ubuntu-Medium.ttf */ = {isa = PBXFileReference; lastKnownFileType = file; path = "Ubuntu-Medium.ttf"; sourceTree = "<group>"; };
		FA683A3F26F15AAB0094BBAB /* FilterCollectionViewDelegate.swift */ = {isa = PBXFileReference; lastKnownFileType = sourcecode.swift; path = FilterCollectionViewDelegate.swift; sourceTree = "<group>"; };
		FA683A4126F15EAF0094BBAB /* NewChallengeVCExtension.swift */ = {isa = PBXFileReference; lastKnownFileType = sourcecode.swift; path = NewChallengeVCExtension.swift; sourceTree = "<group>"; };
		FA6E440026E3B71B004DCA5A /* Benefits.swift */ = {isa = PBXFileReference; lastKnownFileType = sourcecode.swift; path = Benefits.swift; sourceTree = "<group>"; };
		FA6E440226E3BBD0004DCA5A /* HeaderCollectionReusableView.swift */ = {isa = PBXFileReference; lastKnownFileType = sourcecode.swift; path = HeaderCollectionReusableView.swift; sourceTree = "<group>"; };
		FA6F20A326F2491500803535 /* ImpactsStackView.swift */ = {isa = PBXFileReference; lastKnownFileType = sourcecode.swift; path = ImpactsStackView.swift; sourceTree = "<group>"; };
		FA72DC7F26E5080A0095CC81 /* StringExtension.swift */ = {isa = PBXFileReference; lastKnownFileType = sourcecode.swift; path = StringExtension.swift; sourceTree = "<group>"; };
		FA72E0E226E57E3000976C8B /* User.swift */ = {isa = PBXFileReference; lastKnownFileType = sourcecode.swift; path = User.swift; sourceTree = "<group>"; };
		FA72E0E726E58C7B00976C8B /* CompletedChallenge.swift */ = {isa = PBXFileReference; lastKnownFileType = sourcecode.swift; path = CompletedChallenge.swift; sourceTree = "<group>"; };
		FA72E0EB26E686CE00976C8B /* Achievement.swift */ = {isa = PBXFileReference; lastKnownFileType = sourcecode.swift; path = Achievement.swift; sourceTree = "<group>"; };
		FA72E0EF26E6920A00976C8B /* AllAchievements.swift */ = {isa = PBXFileReference; lastKnownFileType = sourcecode.swift; path = AllAchievements.swift; sourceTree = "<group>"; };
		FA72E0F226E6D1A400976C8B /* AllChallenges.swift */ = {isa = PBXFileReference; lastKnownFileType = sourcecode.swift; path = AllChallenges.swift; sourceTree = "<group>"; };
		FA72E0F426E6D39400976C8B /* Record.swift */ = {isa = PBXFileReference; lastKnownFileType = sourcecode.swift; path = Record.swift; sourceTree = "<group>"; };
		FA72E0F626E6D3A800976C8B /* ArrayOfChallengesFilterExtension.swift */ = {isa = PBXFileReference; lastKnownFileType = sourcecode.swift; path = ArrayOfChallengesFilterExtension.swift; sourceTree = "<group>"; };
		FA74ED9726ECFA9800AE9639 /* ProfileViewController.swift */ = {isa = PBXFileReference; lastKnownFileType = sourcecode.swift; path = ProfileViewController.swift; sourceTree = "<group>"; };
		FA74ED9A26ECFACC00AE9639 /* ProfileHeaderView.swift */ = {isa = PBXFileReference; lastKnownFileType = sourcecode.swift; path = ProfileHeaderView.swift; sourceTree = "<group>"; };
		FA74ED9C26ED0BF900AE9639 /* ImpactCollectionViewCell.swift */ = {isa = PBXFileReference; lastKnownFileType = sourcecode.swift; path = ImpactCollectionViewCell.swift; sourceTree = "<group>"; };
		FA74EDA026EE298B00AE9639 /* ImageTitleSubtitleTableViewCell.swift */ = {isa = PBXFileReference; lastKnownFileType = sourcecode.swift; path = ImageTitleSubtitleTableViewCell.swift; sourceTree = "<group>"; };
		FA74EDA226EE38BF00AE9639 /* CompletedChallengeTableViewHeader.swift */ = {isa = PBXFileReference; lastKnownFileType = sourcecode.swift; path = CompletedChallengeTableViewHeader.swift; sourceTree = "<group>"; };
		FA74EDA426EE46A800AE9639 /* ImpactHeaderCollectionReusableView.swift */ = {isa = PBXFileReference; lastKnownFileType = sourcecode.swift; path = ImpactHeaderCollectionReusableView.swift; sourceTree = "<group>"; };
		FA74EDA726EE5E1E00AE9639 /* RecordViewController.swift */ = {isa = PBXFileReference; lastKnownFileType = sourcecode.swift; path = RecordViewController.swift; sourceTree = "<group>"; };
		FA74EDAA26EECB7C00AE9639 /* RecordViewControllerTableViewExtension.swift */ = {isa = PBXFileReference; lastKnownFileType = sourcecode.swift; path = RecordViewControllerTableViewExtension.swift; sourceTree = "<group>"; };
		FA74EDAE26EECBEE00AE9639 /* ProfileTableViewExtension.swift */ = {isa = PBXFileReference; lastKnownFileType = sourcecode.swift; path = ProfileTableViewExtension.swift; sourceTree = "<group>"; };
		FA74EDB026EECC0A00AE9639 /* ProfileCollectionViewExtension.swift */ = {isa = PBXFileReference; lastKnownFileType = sourcecode.swift; path = ProfileCollectionViewExtension.swift; sourceTree = "<group>"; };
		FA74EDB326EECD2C00AE9639 /* InfoViewController.swift */ = {isa = PBXFileReference; lastKnownFileType = sourcecode.swift; path = InfoViewController.swift; sourceTree = "<group>"; };
		FA74EDB626EECE5100AE9639 /* CategoryInfo.swift */ = {isa = PBXFileReference; lastKnownFileType = sourcecode.swift; path = CategoryInfo.swift; sourceTree = "<group>"; };
		FAB6A16A26E1166800852FA7 /* HomeViewCollectionViewExtension.swift */ = {isa = PBXFileReference; lastKnownFileType = sourcecode.swift; path = HomeViewCollectionViewExtension.swift; sourceTree = "<group>"; };
		FAD4CC1426E51BAE00818DE9 /* RepeatableChallenge.swift */ = {isa = PBXFileReference; lastKnownFileType = sourcecode.swift; path = RepeatableChallenge.swift; sourceTree = "<group>"; };
		FAD4CC1626E51CFE00818DE9 /* StepChallenge.swift */ = {isa = PBXFileReference; lastKnownFileType = sourcecode.swift; path = StepChallenge.swift; sourceTree = "<group>"; };
		FADB9A9D26DFF08400BE8481 /* canEco.app */ = {isa = PBXFileReference; explicitFileType = wrapper.application; includeInIndex = 0; path = canEco.app; sourceTree = BUILT_PRODUCTS_DIR; };
		FADB9AA026DFF08400BE8481 /* AppDelegate.swift */ = {isa = PBXFileReference; lastKnownFileType = sourcecode.swift; path = AppDelegate.swift; sourceTree = "<group>"; };
		FADB9AA226DFF08400BE8481 /* SceneDelegate.swift */ = {isa = PBXFileReference; lastKnownFileType = sourcecode.swift; path = SceneDelegate.swift; sourceTree = "<group>"; };
		FADB9AA426DFF08400BE8481 /* ViewController.swift */ = {isa = PBXFileReference; lastKnownFileType = sourcecode.swift; path = ViewController.swift; sourceTree = "<group>"; };
		FADB9AA726DFF08400BE8481 /* Base */ = {isa = PBXFileReference; lastKnownFileType = file.storyboard; name = Base; path = Base.lproj/Main.storyboard; sourceTree = "<group>"; };
		FADB9AA926DFF08500BE8481 /* Assets.xcassets */ = {isa = PBXFileReference; lastKnownFileType = folder.assetcatalog; path = Assets.xcassets; sourceTree = "<group>"; };
		FADB9AAC26DFF08500BE8481 /* Base */ = {isa = PBXFileReference; lastKnownFileType = file.storyboard; name = Base; path = Base.lproj/LaunchScreen.storyboard; sourceTree = "<group>"; };
		FADB9AAE26DFF08500BE8481 /* Info.plist */ = {isa = PBXFileReference; lastKnownFileType = text.plist.xml; path = Info.plist; sourceTree = "<group>"; };
		FADB9AB726DFF53400BE8481 /* ChallengeCell.swift */ = {isa = PBXFileReference; lastKnownFileType = sourcecode.swift; path = ChallengeCell.swift; sourceTree = "<group>"; };
		FADB9AB926DFF9E200BE8481 /* Category.swift */ = {isa = PBXFileReference; lastKnownFileType = sourcecode.swift; path = Category.swift; sourceTree = "<group>"; };
		FADB9ABB26DFFB9800BE8481 /* HomeViewController.swift */ = {isa = PBXFileReference; lastKnownFileType = sourcecode.swift; path = HomeViewController.swift; sourceTree = "<group>"; };
		FADB9ABD26DFFF1700BE8481 /* ChallengeProtocol.swift */ = {isa = PBXFileReference; lastKnownFileType = sourcecode.swift; path = ChallengeProtocol.swift; sourceTree = "<group>"; };
/* End PBXFileReference section */

/* Begin PBXFrameworksBuildPhase section */
		FADB9A9A26DFF08400BE8481 /* Frameworks */ = {
			isa = PBXFrameworksBuildPhase;
			buildActionMask = 2147483647;
			files = (
			);
			runOnlyForDeploymentPostprocessing = 0;
		};
/* End PBXFrameworksBuildPhase section */

/* Begin PBXGroup section */
		110081E726F27BA1007E33A1 /* Checklist */ = {
			isa = PBXGroup;
			children = (
				110081E826F27BA1007E33A1 /* ChecklistView.swift */,
				110081E926F27BA1007E33A1 /* ChecklistItemView.swift */,
			);
			path = Checklist;
			sourceTree = "<group>";
		};
		B1C0177626EFD25900389714 /* OpenCard */ = {
			isa = PBXGroup;
			children = (
				B1C0177726EFD27200389714 /* OpenCardHeaderView.swift */,
			);
			path = OpenCard;
			sourceTree = "<group>";
		};
		D749BC7526EEB5EA004E7B99 /* ProgressBar */ = {
			isa = PBXGroup;
			children = (
				D749BC7326EEB5E3004E7B99 /* ProgressBar.swift */,
			);
			path = ProgressBar;
			sourceTree = "<group>";
		};
		FA0AA4C726E3DAA900892E4C /* Home */ = {
			isa = PBXGroup;
			children = (
				FADB9ABB26DFFB9800BE8481 /* HomeViewController.swift */,
				FAB6A16A26E1166800852FA7 /* HomeViewCollectionViewExtension.swift */,
			);
			path = Home;
			sourceTree = "<group>";
		};
		FA0AA4C826E3DACF00892E4C /* Home */ = {
			isa = PBXGroup;
			children = (
				FADB9AB726DFF53400BE8481 /* ChallengeCell.swift */,
				FA6E440226E3BBD0004DCA5A /* HeaderCollectionReusableView.swift */,
				FA0AA4CF26E3FA9100892E4C /* NewTaskButton.swift */,
			);
			path = Home;
			sourceTree = "<group>";
		};
		FA0AA4D126E40BE900892E4C /* NewChallenge */ = {
			isa = PBXGroup;
			children = (
				FA0AA4D226E40C0E00892E4C /* NewChallengeViewController.swift */,
				FA683A4126F15EAF0094BBAB /* NewChallengeVCExtension.swift */,
				D749BC6F26EA9A66004E7B99 /* ImpactsView.swift */,
				FA6F20A326F2491500803535 /* ImpactsStackView.swift */,
				FA683A3F26F15AAB0094BBAB /* FilterCollectionViewDelegate.swift */,
			);
			path = NewChallenge;
			sourceTree = "<group>";
		};
		FA0AA4D426E40F9800892E4C /* NewChallenge */ = {
			isa = PBXGroup;
			children = (
				FA0AA4D526E40FD300892E4C /* CategoryTagCollectionViewCell.swift */,
				D749BC6D26EA811A004E7B99 /* CardCollectionViewCell.swift */,
			);
			path = NewChallenge;
			sourceTree = "<group>";
		};
		FA3FE90A26EA4DA00013ABAB /* Animations */ = {
			isa = PBXGroup;
			children = (
				FA3FE90D26EA4E790013ABAB /* HomeViewAnim.swift */,
				FA3FE90F26EA4F250013ABAB /* CheckButtonAnim.swift */,
			);
			path = Animations;
			sourceTree = "<group>";
		};
		FA683A3826F119950094BBAB /* Fonts */ = {
			isa = PBXGroup;
			children = (
				FA683A3926F119C00094BBAB /* Ubuntu-Regular.ttf */,
				FA683A3D26F13B4E0094BBAB /* Ubuntu-Medium.ttf */,
				FA683A3B26F119CF0094BBAB /* Ubuntu-Bold.ttf */,
			);
			path = Fonts;
			sourceTree = "<group>";
		};
		FA72E0E626E58C6100976C8B /* Challenges */ = {
			isa = PBXGroup;
			children = (
				FADB9ABD26DFFF1700BE8481 /* ChallengeProtocol.swift */,
				FAD4CC1426E51BAE00818DE9 /* RepeatableChallenge.swift */,
				FAD4CC1626E51CFE00818DE9 /* StepChallenge.swift */,
				FA72E0E726E58C7B00976C8B /* CompletedChallenge.swift */,
				FA72E0F226E6D1A400976C8B /* AllChallenges.swift */,
			);
			path = Challenges;
			sourceTree = "<group>";
		};
		FA72E0F126E6939600976C8B /* Achievements */ = {
			isa = PBXGroup;
			children = (
				FA72E0EB26E686CE00976C8B /* Achievement.swift */,
				FA72E0EF26E6920A00976C8B /* AllAchievements.swift */,
			);
			path = Achievements;
			sourceTree = "<group>";
		};
		FA74ED9626ECF01000AE9639 /* Profile */ = {
			isa = PBXGroup;
			children = (
				FA74ED9726ECFA9800AE9639 /* ProfileViewController.swift */,
				FA74EDAE26EECBEE00AE9639 /* ProfileTableViewExtension.swift */,
				FA74EDB026EECC0A00AE9639 /* ProfileCollectionViewExtension.swift */,
			);
			path = Profile;
			sourceTree = "<group>";
		};
		FA74ED9926ECFAA400AE9639 /* Profile */ = {
			isa = PBXGroup;
			children = (
				FA74ED9A26ECFACC00AE9639 /* ProfileHeaderView.swift */,
				FA74ED9C26ED0BF900AE9639 /* ImpactCollectionViewCell.swift */,
				FA74EDA426EE46A800AE9639 /* ImpactHeaderCollectionReusableView.swift */,
				FA74EDA226EE38BF00AE9639 /* CompletedChallengeTableViewHeader.swift */,
			);
			path = Profile;
			sourceTree = "<group>";
		};
		FA74EDA626EE5D3400AE9639 /* Record */ = {
			isa = PBXGroup;
			children = (
			);
			path = Record;
			sourceTree = "<group>";
		};
		FA74EDA926EE5E2A00AE9639 /* Record */ = {
			isa = PBXGroup;
			children = (
				FA74EDA726EE5E1E00AE9639 /* RecordViewController.swift */,
				FA74EDAA26EECB7C00AE9639 /* RecordViewControllerTableViewExtension.swift */,
			);
			path = Record;
			sourceTree = "<group>";
		};
		FA74EDB226EECCF900AE9639 /* Info */ = {
			isa = PBXGroup;
			children = (
				FA74EDB326EECD2C00AE9639 /* InfoViewController.swift */,
			);
			path = Info;
			sourceTree = "<group>";
		};
		FA74EDB526EECE2F00AE9639 /* Info */ = {
			isa = PBXGroup;
			children = (
				FA74EDB626EECE5100AE9639 /* CategoryInfo.swift */,
			);
			path = Info;
			sourceTree = "<group>";
		};
		FADB9A9426DFF08400BE8481 = {
			isa = PBXGroup;
			children = (
				FADB9A9F26DFF08400BE8481 /* canEco */,
				FADB9A9E26DFF08400BE8481 /* Products */,
			);
			sourceTree = "<group>";
		};
		FADB9A9E26DFF08400BE8481 /* Products */ = {
			isa = PBXGroup;
			children = (
				FADB9A9D26DFF08400BE8481 /* canEco.app */,
			);
			name = Products;
			sourceTree = "<group>";
		};
		FADB9A9F26DFF08400BE8481 /* canEco */ = {
			isa = PBXGroup;
			children = (
				FADB9AB526DFF50A00BE8481 /* View */,
				FADB9AB426DFF4FE00BE8481 /* Model */,
				FADB9AB626DFF51700BE8481 /* ViewController */,
				FA683A3826F119950094BBAB /* Fonts */,
				FADB9AA026DFF08400BE8481 /* AppDelegate.swift */,
				FADB9AA226DFF08400BE8481 /* SceneDelegate.swift */,
				FADB9AA426DFF08400BE8481 /* ViewController.swift */,
				FADB9AA626DFF08400BE8481 /* Main.storyboard */,
				FADB9AA926DFF08500BE8481 /* Assets.xcassets */,
				FADB9AAB26DFF08500BE8481 /* LaunchScreen.storyboard */,
				FADB9AAE26DFF08500BE8481 /* Info.plist */,
			);
			path = canEco;
			sourceTree = "<group>";
		};
		FADB9AB426DFF4FE00BE8481 /* Model */ = {
			isa = PBXGroup;
			children = (
				FA72E0E626E58C6100976C8B /* Challenges */,
				FA72E0F126E6939600976C8B /* Achievements */,
				FADB9AB926DFF9E200BE8481 /* Category.swift */,
				FA29894726E15D7B0078BE1A /* CheckListItem.swift */,
				FA6E440026E3B71B004DCA5A /* Benefits.swift */,
				FA72E0E226E57E3000976C8B /* User.swift */,
				FA72E0F426E6D39400976C8B /* Record.swift */,
				FA72E0F626E6D3A800976C8B /* ArrayOfChallengesFilterExtension.swift */,
				FA72DC7F26E5080A0095CC81 /* StringExtension.swift */,
			);
			path = Model;
			sourceTree = "<group>";
		};
		FADB9AB526DFF50A00BE8481 /* View */ = {
			isa = PBXGroup;
			children = (
				110081E726F27BA1007E33A1 /* Checklist */,
				B1C0177626EFD25900389714 /* OpenCard */,
				D749BC7526EEB5EA004E7B99 /* ProgressBar */,
				FA0AA4C826E3DACF00892E4C /* Home */,
				FA0AA4D426E40F9800892E4C /* NewChallenge */,
				FA74ED9926ECFAA400AE9639 /* Profile */,
				FA74EDA626EE5D3400AE9639 /* Record */,
				FA74EDB526EECE2F00AE9639 /* Info */,
				FA3FE90A26EA4DA00013ABAB /* Animations */,
				FA74EDA026EE298B00AE9639 /* ImageTitleSubtitleTableViewCell.swift */,
			);
			path = View;
			sourceTree = "<group>";
		};
		FADB9AB626DFF51700BE8481 /* ViewController */ = {
			isa = PBXGroup;
			children = (
				FA0AA4C926E3DB0600892E4C /* TabBarViewController.swift */,
				FA29894926E161DA0078BE1A /* CheckListViewController.swift */,
				D749BC7126EEB15B004E7B99 /* OpenCardViewController.swift */,
				FA0AA4C726E3DAA900892E4C /* Home */,
				FA0AA4D126E40BE900892E4C /* NewChallenge */,
				FA74ED9626ECF01000AE9639 /* Profile */,
				FA74EDA926EE5E2A00AE9639 /* Record */,
				FA74EDB226EECCF900AE9639 /* Info */,
			);
			path = ViewController;
			sourceTree = "<group>";
		};
/* End PBXGroup section */

/* Begin PBXNativeTarget section */
		FADB9A9C26DFF08400BE8481 /* canEco */ = {
			isa = PBXNativeTarget;
			buildConfigurationList = FADB9AB126DFF08500BE8481 /* Build configuration list for PBXNativeTarget "canEco" */;
			buildPhases = (
				FADB9A9926DFF08400BE8481 /* Sources */,
				FADB9A9A26DFF08400BE8481 /* Frameworks */,
				FADB9A9B26DFF08400BE8481 /* Resources */,
			);
			buildRules = (
			);
			dependencies = (
			);
			name = canEco;
			productName = canEco;
			productReference = FADB9A9D26DFF08400BE8481 /* canEco.app */;
			productType = "com.apple.product-type.application";
		};
/* End PBXNativeTarget section */

/* Begin PBXProject section */
		FADB9A9526DFF08400BE8481 /* Project object */ = {
			isa = PBXProject;
			attributes = {
				LastSwiftUpdateCheck = 1250;
				LastUpgradeCheck = 1250;
				TargetAttributes = {
					FADB9A9C26DFF08400BE8481 = {
						CreatedOnToolsVersion = 12.5.1;
					};
				};
			};
			buildConfigurationList = FADB9A9826DFF08400BE8481 /* Build configuration list for PBXProject "canEco" */;
			compatibilityVersion = "Xcode 9.3";
			developmentRegion = en;
			hasScannedForEncodings = 0;
			knownRegions = (
				en,
				Base,
			);
			mainGroup = FADB9A9426DFF08400BE8481;
			productRefGroup = FADB9A9E26DFF08400BE8481 /* Products */;
			projectDirPath = "";
			projectRoot = "";
			targets = (
				FADB9A9C26DFF08400BE8481 /* canEco */,
			);
		};
/* End PBXProject section */

/* Begin PBXResourcesBuildPhase section */
		FADB9A9B26DFF08400BE8481 /* Resources */ = {
			isa = PBXResourcesBuildPhase;
			buildActionMask = 2147483647;
			files = (
				FA683A3C26F119CF0094BBAB /* Ubuntu-Bold.ttf in Resources */,
				FA683A3A26F119C00094BBAB /* Ubuntu-Regular.ttf in Resources */,
				FA683A3E26F13B4E0094BBAB /* Ubuntu-Medium.ttf in Resources */,
				FADB9AAD26DFF08500BE8481 /* LaunchScreen.storyboard in Resources */,
				FADB9AAA26DFF08500BE8481 /* Assets.xcassets in Resources */,
				FADB9AA826DFF08400BE8481 /* Main.storyboard in Resources */,
			);
			runOnlyForDeploymentPostprocessing = 0;
		};
/* End PBXResourcesBuildPhase section */

/* Begin PBXSourcesBuildPhase section */
		FADB9A9926DFF08400BE8481 /* Sources */ = {
			isa = PBXSourcesBuildPhase;
			buildActionMask = 2147483647;
			files = (
				110081EB26F27BA1007E33A1 /* ChecklistItemView.swift in Sources */,
				FA683A4226F15EAF0094BBAB /* NewChallengeVCExtension.swift in Sources */,
				FA6E440326E3BBD0004DCA5A /* HeaderCollectionReusableView.swift in Sources */,
				FA29894A26E161DA0078BE1A /* CheckListViewController.swift in Sources */,
				FA6F20A426F2491500803535 /* ImpactsStackView.swift in Sources */,
				FA72E0F726E6D3A800976C8B /* ArrayOfChallengesFilterExtension.swift in Sources */,
				FA74EDA126EE298B00AE9639 /* ImageTitleSubtitleTableViewCell.swift in Sources */,
				FA3FE91026EA4F250013ABAB /* CheckButtonAnim.swift in Sources */,
				FA72E0F526E6D39400976C8B /* Record.swift in Sources */,
				FADB9AA526DFF08400BE8481 /* ViewController.swift in Sources */,
				FA74ED9826ECFA9800AE9639 /* ProfileViewController.swift in Sources */,
				FADB9ABA26DFF9E200BE8481 /* Category.swift in Sources */,
				FADB9AA126DFF08400BE8481 /* AppDelegate.swift in Sources */,
				FA74ED9D26ED0BF900AE9639 /* ImpactCollectionViewCell.swift in Sources */,
				FAD4CC1726E51CFE00818DE9 /* StepChallenge.swift in Sources */,
				FA74EDB126EECC0A00AE9639 /* ProfileCollectionViewExtension.swift in Sources */,
				FADB9AB826DFF53400BE8481 /* ChallengeCell.swift in Sources */,
				FA74EDAF26EECBEE00AE9639 /* ProfileTableViewExtension.swift in Sources */,
				FA74EDB726EECE5100AE9639 /* CategoryInfo.swift in Sources */,
				FA72E0EC26E686CE00976C8B /* Achievement.swift in Sources */,
				D749BC7226EEB15B004E7B99 /* OpenCardViewController.swift in Sources */,
				D749BC7426EEB5E3004E7B99 /* ProgressBar.swift in Sources */,
				FA0AA4D026E3FA9100892E4C /* NewTaskButton.swift in Sources */,
				FA74EDA526EE46A800AE9639 /* ImpactHeaderCollectionReusableView.swift in Sources */,
				FA72E0E826E58C7B00976C8B /* CompletedChallenge.swift in Sources */,
				FADB9AA326DFF08400BE8481 /* SceneDelegate.swift in Sources */,
				FAB6A16B26E1166800852FA7 /* HomeViewCollectionViewExtension.swift in Sources */,
				FAD4CC1526E51BAE00818DE9 /* RepeatableChallenge.swift in Sources */,
				FA74EDA326EE38BF00AE9639 /* CompletedChallengeTableViewHeader.swift in Sources */,
				FADB9ABE26DFFF1700BE8481 /* ChallengeProtocol.swift in Sources */,
				FA6E440126E3B71B004DCA5A /* Benefits.swift in Sources */,
				FA74ED9B26ECFACC00AE9639 /* ProfileHeaderView.swift in Sources */,
				FA29894826E15D7B0078BE1A /* CheckListItem.swift in Sources */,
				FA0AA4CA26E3DB0600892E4C /* TabBarViewController.swift in Sources */,
				FA0AA4D626E40FD300892E4C /* CategoryTagCollectionViewCell.swift in Sources */,
				B1C0177826EFD27200389714 /* OpenCardHeaderView.swift in Sources */,
				D749BC6E26EA811B004E7B99 /* CardCollectionViewCell.swift in Sources */,
				FA683A4026F15AAB0094BBAB /* FilterCollectionViewDelegate.swift in Sources */,
				FA72DC8026E5080A0095CC81 /* StringExtension.swift in Sources */,
				FA72E0F026E6920A00976C8B /* AllAchievements.swift in Sources */,
				1167586D26F22B8E0008557E /* ChecklistItemView.swift in Sources */,
				FADB9ABC26DFFB9800BE8481 /* HomeViewController.swift in Sources */,
				FA3FE90E26EA4E790013ABAB /* HomeViewAnim.swift in Sources */,
				110081EA26F27BA1007E33A1 /* ChecklistView.swift in Sources */,
				FA0AA4D326E40C0E00892E4C /* NewChallengeViewController.swift in Sources */,
				FA74EDB426EECD2C00AE9639 /* InfoViewController.swift in Sources */,
				FA74EDA826EE5E1E00AE9639 /* RecordViewController.swift in Sources */,
				FA74EDAB26EECB7C00AE9639 /* RecordViewControllerTableViewExtension.swift in Sources */,
				FA72E0F326E6D1A400976C8B /* AllChallenges.swift in Sources */,
				D749BC7026EA9A66004E7B99 /* ImpactsView.swift in Sources */,
				FA72E0E326E57E3000976C8B /* User.swift in Sources */,
			);
			runOnlyForDeploymentPostprocessing = 0;
		};
/* End PBXSourcesBuildPhase section */

/* Begin PBXVariantGroup section */
		FADB9AA626DFF08400BE8481 /* Main.storyboard */ = {
			isa = PBXVariantGroup;
			children = (
				FADB9AA726DFF08400BE8481 /* Base */,
			);
			name = Main.storyboard;
			sourceTree = "<group>";
		};
		FADB9AAB26DFF08500BE8481 /* LaunchScreen.storyboard */ = {
			isa = PBXVariantGroup;
			children = (
				FADB9AAC26DFF08500BE8481 /* Base */,
			);
			name = LaunchScreen.storyboard;
			sourceTree = "<group>";
		};
/* End PBXVariantGroup section */

/* Begin XCBuildConfiguration section */
		FADB9AAF26DFF08500BE8481 /* Debug */ = {
			isa = XCBuildConfiguration;
			buildSettings = {
				ALWAYS_SEARCH_USER_PATHS = NO;
				CLANG_ANALYZER_NONNULL = YES;
				CLANG_ANALYZER_NUMBER_OBJECT_CONVERSION = YES_AGGRESSIVE;
				CLANG_CXX_LANGUAGE_STANDARD = "gnu++14";
				CLANG_CXX_LIBRARY = "libc++";
				CLANG_ENABLE_MODULES = YES;
				CLANG_ENABLE_OBJC_ARC = YES;
				CLANG_ENABLE_OBJC_WEAK = YES;
				CLANG_WARN_BLOCK_CAPTURE_AUTORELEASING = YES;
				CLANG_WARN_BOOL_CONVERSION = YES;
				CLANG_WARN_COMMA = YES;
				CLANG_WARN_CONSTANT_CONVERSION = YES;
				CLANG_WARN_DEPRECATED_OBJC_IMPLEMENTATIONS = YES;
				CLANG_WARN_DIRECT_OBJC_ISA_USAGE = YES_ERROR;
				CLANG_WARN_DOCUMENTATION_COMMENTS = YES;
				CLANG_WARN_EMPTY_BODY = YES;
				CLANG_WARN_ENUM_CONVERSION = YES;
				CLANG_WARN_INFINITE_RECURSION = YES;
				CLANG_WARN_INT_CONVERSION = YES;
				CLANG_WARN_NON_LITERAL_NULL_CONVERSION = YES;
				CLANG_WARN_OBJC_IMPLICIT_RETAIN_SELF = YES;
				CLANG_WARN_OBJC_LITERAL_CONVERSION = YES;
				CLANG_WARN_OBJC_ROOT_CLASS = YES_ERROR;
				CLANG_WARN_QUOTED_INCLUDE_IN_FRAMEWORK_HEADER = YES;
				CLANG_WARN_RANGE_LOOP_ANALYSIS = YES;
				CLANG_WARN_STRICT_PROTOTYPES = YES;
				CLANG_WARN_SUSPICIOUS_MOVE = YES;
				CLANG_WARN_UNGUARDED_AVAILABILITY = YES_AGGRESSIVE;
				CLANG_WARN_UNREACHABLE_CODE = YES;
				CLANG_WARN__DUPLICATE_METHOD_MATCH = YES;
				COPY_PHASE_STRIP = NO;
				DEBUG_INFORMATION_FORMAT = dwarf;
				ENABLE_STRICT_OBJC_MSGSEND = YES;
				ENABLE_TESTABILITY = YES;
				GCC_C_LANGUAGE_STANDARD = gnu11;
				GCC_DYNAMIC_NO_PIC = NO;
				GCC_NO_COMMON_BLOCKS = YES;
				GCC_OPTIMIZATION_LEVEL = 0;
				GCC_PREPROCESSOR_DEFINITIONS = (
					"DEBUG=1",
					"$(inherited)",
				);
				GCC_WARN_64_TO_32_BIT_CONVERSION = YES;
				GCC_WARN_ABOUT_RETURN_TYPE = YES_ERROR;
				GCC_WARN_UNDECLARED_SELECTOR = YES;
				GCC_WARN_UNINITIALIZED_AUTOS = YES_AGGRESSIVE;
				GCC_WARN_UNUSED_FUNCTION = YES;
				GCC_WARN_UNUSED_VARIABLE = YES;
				IPHONEOS_DEPLOYMENT_TARGET = 14.5;
				MTL_ENABLE_DEBUG_INFO = INCLUDE_SOURCE;
				MTL_FAST_MATH = YES;
				ONLY_ACTIVE_ARCH = YES;
				SDKROOT = iphoneos;
				SWIFT_ACTIVE_COMPILATION_CONDITIONS = DEBUG;
				SWIFT_OPTIMIZATION_LEVEL = "-Onone";
			};
			name = Debug;
		};
		FADB9AB026DFF08500BE8481 /* Release */ = {
			isa = XCBuildConfiguration;
			buildSettings = {
				ALWAYS_SEARCH_USER_PATHS = NO;
				CLANG_ANALYZER_NONNULL = YES;
				CLANG_ANALYZER_NUMBER_OBJECT_CONVERSION = YES_AGGRESSIVE;
				CLANG_CXX_LANGUAGE_STANDARD = "gnu++14";
				CLANG_CXX_LIBRARY = "libc++";
				CLANG_ENABLE_MODULES = YES;
				CLANG_ENABLE_OBJC_ARC = YES;
				CLANG_ENABLE_OBJC_WEAK = YES;
				CLANG_WARN_BLOCK_CAPTURE_AUTORELEASING = YES;
				CLANG_WARN_BOOL_CONVERSION = YES;
				CLANG_WARN_COMMA = YES;
				CLANG_WARN_CONSTANT_CONVERSION = YES;
				CLANG_WARN_DEPRECATED_OBJC_IMPLEMENTATIONS = YES;
				CLANG_WARN_DIRECT_OBJC_ISA_USAGE = YES_ERROR;
				CLANG_WARN_DOCUMENTATION_COMMENTS = YES;
				CLANG_WARN_EMPTY_BODY = YES;
				CLANG_WARN_ENUM_CONVERSION = YES;
				CLANG_WARN_INFINITE_RECURSION = YES;
				CLANG_WARN_INT_CONVERSION = YES;
				CLANG_WARN_NON_LITERAL_NULL_CONVERSION = YES;
				CLANG_WARN_OBJC_IMPLICIT_RETAIN_SELF = YES;
				CLANG_WARN_OBJC_LITERAL_CONVERSION = YES;
				CLANG_WARN_OBJC_ROOT_CLASS = YES_ERROR;
				CLANG_WARN_QUOTED_INCLUDE_IN_FRAMEWORK_HEADER = YES;
				CLANG_WARN_RANGE_LOOP_ANALYSIS = YES;
				CLANG_WARN_STRICT_PROTOTYPES = YES;
				CLANG_WARN_SUSPICIOUS_MOVE = YES;
				CLANG_WARN_UNGUARDED_AVAILABILITY = YES_AGGRESSIVE;
				CLANG_WARN_UNREACHABLE_CODE = YES;
				CLANG_WARN__DUPLICATE_METHOD_MATCH = YES;
				COPY_PHASE_STRIP = NO;
				DEBUG_INFORMATION_FORMAT = "dwarf-with-dsym";
				ENABLE_NS_ASSERTIONS = NO;
				ENABLE_STRICT_OBJC_MSGSEND = YES;
				GCC_C_LANGUAGE_STANDARD = gnu11;
				GCC_NO_COMMON_BLOCKS = YES;
				GCC_WARN_64_TO_32_BIT_CONVERSION = YES;
				GCC_WARN_ABOUT_RETURN_TYPE = YES_ERROR;
				GCC_WARN_UNDECLARED_SELECTOR = YES;
				GCC_WARN_UNINITIALIZED_AUTOS = YES_AGGRESSIVE;
				GCC_WARN_UNUSED_FUNCTION = YES;
				GCC_WARN_UNUSED_VARIABLE = YES;
				IPHONEOS_DEPLOYMENT_TARGET = 14.5;
				MTL_ENABLE_DEBUG_INFO = NO;
				MTL_FAST_MATH = YES;
				SDKROOT = iphoneos;
				SWIFT_COMPILATION_MODE = wholemodule;
				SWIFT_OPTIMIZATION_LEVEL = "-O";
				VALIDATE_PRODUCT = YES;
			};
			name = Release;
		};
		FADB9AB226DFF08500BE8481 /* Debug */ = {
			isa = XCBuildConfiguration;
			buildSettings = {
				ASSETCATALOG_COMPILER_APPICON_NAME = AppIcon;
				ASSETCATALOG_COMPILER_GLOBAL_ACCENT_COLOR_NAME = AccentColor;
				CODE_SIGN_STYLE = Automatic;
				DEVELOPMENT_TEAM = 8KLVK79M3G;
				INFOPLIST_FILE = canEco/Info.plist;
				LD_RUNPATH_SEARCH_PATHS = (
					"$(inherited)",
					"@executable_path/Frameworks",
				);
				PRODUCT_BUNDLE_IDENTIFIER = com.example.canEco;
				PRODUCT_NAME = "$(TARGET_NAME)";
				SWIFT_VERSION = 5.0;
				TARGETED_DEVICE_FAMILY = "1,2";
			};
			name = Debug;
		};
		FADB9AB326DFF08500BE8481 /* Release */ = {
			isa = XCBuildConfiguration;
			buildSettings = {
				ASSETCATALOG_COMPILER_APPICON_NAME = AppIcon;
				ASSETCATALOG_COMPILER_GLOBAL_ACCENT_COLOR_NAME = AccentColor;
				CODE_SIGN_STYLE = Automatic;
				DEVELOPMENT_TEAM = 8KLVK79M3G;
				INFOPLIST_FILE = canEco/Info.plist;
				LD_RUNPATH_SEARCH_PATHS = (
					"$(inherited)",
					"@executable_path/Frameworks",
				);
				PRODUCT_BUNDLE_IDENTIFIER = com.example.canEco;
				PRODUCT_NAME = "$(TARGET_NAME)";
				SWIFT_VERSION = 5.0;
				TARGETED_DEVICE_FAMILY = "1,2";
			};
			name = Release;
		};
/* End XCBuildConfiguration section */

/* Begin XCConfigurationList section */
		FADB9A9826DFF08400BE8481 /* Build configuration list for PBXProject "canEco" */ = {
			isa = XCConfigurationList;
			buildConfigurations = (
				FADB9AAF26DFF08500BE8481 /* Debug */,
				FADB9AB026DFF08500BE8481 /* Release */,
			);
			defaultConfigurationIsVisible = 0;
			defaultConfigurationName = Release;
		};
		FADB9AB126DFF08500BE8481 /* Build configuration list for PBXNativeTarget "canEco" */ = {
			isa = XCConfigurationList;
			buildConfigurations = (
				FADB9AB226DFF08500BE8481 /* Debug */,
				FADB9AB326DFF08500BE8481 /* Release */,
			);
			defaultConfigurationIsVisible = 0;
			defaultConfigurationName = Release;
		};
/* End XCConfigurationList section */
	};
	rootObject = FADB9A9526DFF08400BE8481 /* Project object */;
}
