// !$*UTF8*$!
{
	archiveVersion = 1;
	classes = {
	};
	objectVersion = 50;
	objects = {

/* Begin PBXBuildFile section */
		FAB6A16B26E1166800852FA7 /* HomeViewCollectionViewExtension.swift in Sources */ = {isa = PBXBuildFile; fileRef = FAB6A16A26E1166800852FA7 /* HomeViewCollectionViewExtension.swift */; };
		FADB9AA126DFF08400BE8481 /* AppDelegate.swift in Sources */ = {isa = PBXBuildFile; fileRef = FADB9AA026DFF08400BE8481 /* AppDelegate.swift */; };
		FADB9AA326DFF08400BE8481 /* SceneDelegate.swift in Sources */ = {isa = PBXBuildFile; fileRef = FADB9AA226DFF08400BE8481 /* SceneDelegate.swift */; };
		FADB9AA526DFF08400BE8481 /* ViewController.swift in Sources */ = {isa = PBXBuildFile; fileRef = FADB9AA426DFF08400BE8481 /* ViewController.swift */; };
		FADB9AA826DFF08400BE8481 /* Main.storyboard in Resources */ = {isa = PBXBuildFile; fileRef = FADB9AA626DFF08400BE8481 /* Main.storyboard */; };
		FADB9AAA26DFF08500BE8481 /* Assets.xcassets in Resources */ = {isa = PBXBuildFile; fileRef = FADB9AA926DFF08500BE8481 /* Assets.xcassets */; };
		FADB9AAD26DFF08500BE8481 /* LaunchScreen.storyboard in Resources */ = {isa = PBXBuildFile; fileRef = FADB9AAB26DFF08500BE8481 /* LaunchScreen.storyboard */; };
		FADB9AB826DFF53400BE8481 /* TaskButton.swift in Sources */ = {isa = PBXBuildFile; fileRef = FADB9AB726DFF53400BE8481 /* TaskButton.swift */; };
		FADB9ABA26DFF9E200BE8481 /* Category.swift in Sources */ = {isa = PBXBuildFile; fileRef = FADB9AB926DFF9E200BE8481 /* Category.swift */; };
		FADB9ABC26DFFB9800BE8481 /* HomeViewController.swift in Sources */ = {isa = PBXBuildFile; fileRef = FADB9ABB26DFFB9800BE8481 /* HomeViewController.swift */; };
		FADB9ABE26DFFF1700BE8481 /* Task.swift in Sources */ = {isa = PBXBuildFile; fileRef = FADB9ABD26DFFF1700BE8481 /* Task.swift */; };
/* End PBXBuildFile section */

/* Begin PBXFileReference section */
		FAB6A16A26E1166800852FA7 /* HomeViewCollectionViewExtension.swift */ = {isa = PBXFileReference; lastKnownFileType = sourcecode.swift; path = HomeViewCollectionViewExtension.swift; sourceTree = "<group>"; };
		FADB9A9D26DFF08400BE8481 /* canEco.app */ = {isa = PBXFileReference; explicitFileType = wrapper.application; includeInIndex = 0; path = canEco.app; sourceTree = BUILT_PRODUCTS_DIR; };
		FADB9AA026DFF08400BE8481 /* AppDelegate.swift */ = {isa = PBXFileReference; lastKnownFileType = sourcecode.swift; path = AppDelegate.swift; sourceTree = "<group>"; };
		FADB9AA226DFF08400BE8481 /* SceneDelegate.swift */ = {isa = PBXFileReference; lastKnownFileType = sourcecode.swift; path = SceneDelegate.swift; sourceTree = "<group>"; };
		FADB9AA426DFF08400BE8481 /* ViewController.swift */ = {isa = PBXFileReference; lastKnownFileType = sourcecode.swift; path = ViewController.swift; sourceTree = "<group>"; };
		FADB9AA726DFF08400BE8481 /* Base */ = {isa = PBXFileReference; lastKnownFileType = file.storyboard; name = Base; path = Base.lproj/Main.storyboard; sourceTree = "<group>"; };
		FADB9AA926DFF08500BE8481 /* Assets.xcassets */ = {isa = PBXFileReference; lastKnownFileType = folder.assetcatalog; path = Assets.xcassets; sourceTree = "<group>"; };
		FADB9AAC26DFF08500BE8481 /* Base */ = {isa = PBXFileReference; lastKnownFileType = file.storyboard; name = Base; path = Base.lproj/LaunchScreen.storyboard; sourceTree = "<group>"; };
		FADB9AAE26DFF08500BE8481 /* Info.plist */ = {isa = PBXFileReference; lastKnownFileType = text.plist.xml; path = Info.plist; sourceTree = "<group>"; };
		FADB9AB726DFF53400BE8481 /* TaskButton.swift */ = {isa = PBXFileReference; lastKnownFileType = sourcecode.swift; path = TaskButton.swift; sourceTree = "<group>"; };
		FADB9AB926DFF9E200BE8481 /* Category.swift */ = {isa = PBXFileReference; lastKnownFileType = sourcecode.swift; path = Category.swift; sourceTree = "<group>"; };
		FADB9ABB26DFFB9800BE8481 /* HomeViewController.swift */ = {isa = PBXFileReference; lastKnownFileType = sourcecode.swift; path = HomeViewController.swift; sourceTree = "<group>"; };
		FADB9ABD26DFFF1700BE8481 /* Task.swift */ = {isa = PBXFileReference; lastKnownFileType = sourcecode.swift; path = Task.swift; sourceTree = "<group>"; };
/* End PBXFileReference section */

/* Begin PBXFrameworksBuildPhase section */
		FADB9A9A26DFF08400BE8481 /* Frameworks */ = {
			isa = PBXFrameworksBuildPhase;
			buildActionMask = 2147483647;
			files = (
			);
			runOnlyForDeploymentPostprocessing = 0;
		};
/* End PBXFrameworksBuildPhase section */

/* Begin PBXGroup section */
		FADB9A9426DFF08400BE8481 = {
			isa = PBXGroup;
			children = (
				FADB9A9F26DFF08400BE8481 /* canEco */,
				FADB9A9E26DFF08400BE8481 /* Products */,
			);
			sourceTree = "<group>";
		};
		FADB9A9E26DFF08400BE8481 /* Products */ = {
			isa = PBXGroup;
			children = (
				FADB9A9D26DFF08400BE8481 /* canEco.app */,
			);
			name = Products;
			sourceTree = "<group>";
		};
		FADB9A9F26DFF08400BE8481 /* canEco */ = {
			isa = PBXGroup;
			children = (
				FADB9AB526DFF50A00BE8481 /* View */,
				FADB9AB426DFF4FE00BE8481 /* Model */,
				FADB9AB626DFF51700BE8481 /* ViewController */,
				FADB9AA026DFF08400BE8481 /* AppDelegate.swift */,
				FADB9AA226DFF08400BE8481 /* SceneDelegate.swift */,
				FADB9AA426DFF08400BE8481 /* ViewController.swift */,
				FADB9AA626DFF08400BE8481 /* Main.storyboard */,
				FADB9AA926DFF08500BE8481 /* Assets.xcassets */,
				FADB9AAB26DFF08500BE8481 /* LaunchScreen.storyboard */,
				FADB9AAE26DFF08500BE8481 /* Info.plist */,
			);
			path = canEco;
			sourceTree = "<group>";
		};
		FADB9AB426DFF4FE00BE8481 /* Model */ = {
			isa = PBXGroup;
			children = (
				FADB9AB926DFF9E200BE8481 /* Category.swift */,
				FADB9ABD26DFFF1700BE8481 /* Task.swift */,
			);
			path = Model;
			sourceTree = "<group>";
		};
		FADB9AB526DFF50A00BE8481 /* View */ = {
			isa = PBXGroup;
			children = (
				FADB9AB726DFF53400BE8481 /* TaskButton.swift */,
			);
			path = View;
			sourceTree = "<group>";
		};
		FADB9AB626DFF51700BE8481 /* ViewController */ = {
			isa = PBXGroup;
			children = (
				FADB9ABB26DFFB9800BE8481 /* HomeViewController.swift */,
				FAB6A16A26E1166800852FA7 /* HomeViewCollectionViewExtension.swift */,
			);
			path = ViewController;
			sourceTree = "<group>";
		};
/* End PBXGroup section */

/* Begin PBXNativeTarget section */
		FADB9A9C26DFF08400BE8481 /* canEco */ = {
			isa = PBXNativeTarget;
			buildConfigurationList = FADB9AB126DFF08500BE8481 /* Build configuration list for PBXNativeTarget "canEco" */;
			buildPhases = (
				FADB9A9926DFF08400BE8481 /* Sources */,
				FADB9A9A26DFF08400BE8481 /* Frameworks */,
				FADB9A9B26DFF08400BE8481 /* Resources */,
			);
			buildRules = (
			);
			dependencies = (
			);
			name = canEco;
			productName = canEco;
			productReference = FADB9A9D26DFF08400BE8481 /* canEco.app */;
			productType = "com.apple.product-type.application";
		};
/* End PBXNativeTarget section */

/* Begin PBXProject section */
		FADB9A9526DFF08400BE8481 /* Project object */ = {
			isa = PBXProject;
			attributes = {
				LastSwiftUpdateCheck = 1250;
				LastUpgradeCheck = 1250;
				TargetAttributes = {
					FADB9A9C26DFF08400BE8481 = {
						CreatedOnToolsVersion = 12.5.1;
					};
				};
			};
			buildConfigurationList = FADB9A9826DFF08400BE8481 /* Build configuration list for PBXProject "canEco" */;
			compatibilityVersion = "Xcode 9.3";
			developmentRegion = en;
			hasScannedForEncodings = 0;
			knownRegions = (
				en,
				Base,
			);
			mainGroup = FADB9A9426DFF08400BE8481;
			productRefGroup = FADB9A9E26DFF08400BE8481 /* Products */;
			projectDirPath = "";
			projectRoot = "";
			targets = (
				FADB9A9C26DFF08400BE8481 /* canEco */,
			);
		};
/* End PBXProject section */

/* Begin PBXResourcesBuildPhase section */
		FADB9A9B26DFF08400BE8481 /* Resources */ = {
			isa = PBXResourcesBuildPhase;
			buildActionMask = 2147483647;
			files = (
				FADB9AAD26DFF08500BE8481 /* LaunchScreen.storyboard in Resources */,
				FADB9AAA26DFF08500BE8481 /* Assets.xcassets in Resources */,
				FADB9AA826DFF08400BE8481 /* Main.storyboard in Resources */,
			);
			runOnlyForDeploymentPostprocessing = 0;
		};
/* End PBXResourcesBuildPhase section */

/* Begin PBXSourcesBuildPhase section */
		FADB9A9926DFF08400BE8481 /* Sources */ = {
			isa = PBXSourcesBuildPhase;
			buildActionMask = 2147483647;
			files = (
				FADB9AA526DFF08400BE8481 /* ViewController.swift in Sources */,
				FADB9ABA26DFF9E200BE8481 /* Category.swift in Sources */,
				FADB9AA126DFF08400BE8481 /* AppDelegate.swift in Sources */,
				FADB9AB826DFF53400BE8481 /* TaskButton.swift in Sources */,
				FADB9AA326DFF08400BE8481 /* SceneDelegate.swift in Sources */,
				FAB6A16B26E1166800852FA7 /* HomeViewCollectionViewExtension.swift in Sources */,
				FADB9ABE26DFFF1700BE8481 /* Task.swift in Sources */,
				FADB9ABC26DFFB9800BE8481 /* HomeViewController.swift in Sources */,
			);
			runOnlyForDeploymentPostprocessing = 0;
		};
/* End PBXSourcesBuildPhase section */

/* Begin PBXVariantGroup section */
		FADB9AA626DFF08400BE8481 /* Main.storyboard */ = {
			isa = PBXVariantGroup;
			children = (
				FADB9AA726DFF08400BE8481 /* Base */,
			);
			name = Main.storyboard;
			sourceTree = "<group>";
		};
		FADB9AAB26DFF08500BE8481 /* LaunchScreen.storyboard */ = {
			isa = PBXVariantGroup;
			children = (
				FADB9AAC26DFF08500BE8481 /* Base */,
			);
			name = LaunchScreen.storyboard;
			sourceTree = "<group>";
		};
/* End PBXVariantGroup section */

/* Begin XCBuildConfiguration section */
		FADB9AAF26DFF08500BE8481 /* Debug */ = {
			isa = XCBuildConfiguration;
			buildSettings = {
				ALWAYS_SEARCH_USER_PATHS = NO;
				CLANG_ANALYZER_NONNULL = YES;
				CLANG_ANALYZER_NUMBER_OBJECT_CONVERSION = YES_AGGRESSIVE;
				CLANG_CXX_LANGUAGE_STANDARD = "gnu++14";
				CLANG_CXX_LIBRARY = "libc++";
				CLANG_ENABLE_MODULES = YES;
				CLANG_ENABLE_OBJC_ARC = YES;
				CLANG_ENABLE_OBJC_WEAK = YES;
				CLANG_WARN_BLOCK_CAPTURE_AUTORELEASING = YES;
				CLANG_WARN_BOOL_CONVERSION = YES;
				CLANG_WARN_COMMA = YES;
				CLANG_WARN_CONSTANT_CONVERSION = YES;
				CLANG_WARN_DEPRECATED_OBJC_IMPLEMENTATIONS = YES;
				CLANG_WARN_DIRECT_OBJC_ISA_USAGE = YES_ERROR;
				CLANG_WARN_DOCUMENTATION_COMMENTS = YES;
				CLANG_WARN_EMPTY_BODY = YES;
				CLANG_WARN_ENUM_CONVERSION = YES;
				CLANG_WARN_INFINITE_RECURSION = YES;
				CLANG_WARN_INT_CONVERSION = YES;
				CLANG_WARN_NON_LITERAL_NULL_CONVERSION = YES;
				CLANG_WARN_OBJC_IMPLICIT_RETAIN_SELF = YES;
				CLANG_WARN_OBJC_LITERAL_CONVERSION = YES;
				CLANG_WARN_OBJC_ROOT_CLASS = YES_ERROR;
				CLANG_WARN_QUOTED_INCLUDE_IN_FRAMEWORK_HEADER = YES;
				CLANG_WARN_RANGE_LOOP_ANALYSIS = YES;
				CLANG_WARN_STRICT_PROTOTYPES = YES;
				CLANG_WARN_SUSPICIOUS_MOVE = YES;
				CLANG_WARN_UNGUARDED_AVAILABILITY = YES_AGGRESSIVE;
				CLANG_WARN_UNREACHABLE_CODE = YES;
				CLANG_WARN__DUPLICATE_METHOD_MATCH = YES;
				COPY_PHASE_STRIP = NO;
				DEBUG_INFORMATION_FORMAT = dwarf;
				ENABLE_STRICT_OBJC_MSGSEND = YES;
				ENABLE_TESTABILITY = YES;
				GCC_C_LANGUAGE_STANDARD = gnu11;
				GCC_DYNAMIC_NO_PIC = NO;
				GCC_NO_COMMON_BLOCKS = YES;
				GCC_OPTIMIZATION_LEVEL = 0;
				GCC_PREPROCESSOR_DEFINITIONS = (
					"DEBUG=1",
					"$(inherited)",
				);
				GCC_WARN_64_TO_32_BIT_CONVERSION = YES;
				GCC_WARN_ABOUT_RETURN_TYPE = YES_ERROR;
				GCC_WARN_UNDECLARED_SELECTOR = YES;
				GCC_WARN_UNINITIALIZED_AUTOS = YES_AGGRESSIVE;
				GCC_WARN_UNUSED_FUNCTION = YES;
				GCC_WARN_UNUSED_VARIABLE = YES;
				IPHONEOS_DEPLOYMENT_TARGET = 14.5;
				MTL_ENABLE_DEBUG_INFO = INCLUDE_SOURCE;
				MTL_FAST_MATH = YES;
				ONLY_ACTIVE_ARCH = YES;
				SDKROOT = iphoneos;
				SWIFT_ACTIVE_COMPILATION_CONDITIONS = DEBUG;
				SWIFT_OPTIMIZATION_LEVEL = "-Onone";
			};
			name = Debug;
		};
		FADB9AB026DFF08500BE8481 /* Release */ = {
			isa = XCBuildConfiguration;
			buildSettings = {
				ALWAYS_SEARCH_USER_PATHS = NO;
				CLANG_ANALYZER_NONNULL = YES;
				CLANG_ANALYZER_NUMBER_OBJECT_CONVERSION = YES_AGGRESSIVE;
				CLANG_CXX_LANGUAGE_STANDARD = "gnu++14";
				CLANG_CXX_LIBRARY = "libc++";
				CLANG_ENABLE_MODULES = YES;
				CLANG_ENABLE_OBJC_ARC = YES;
				CLANG_ENABLE_OBJC_WEAK = YES;
				CLANG_WARN_BLOCK_CAPTURE_AUTORELEASING = YES;
				CLANG_WARN_BOOL_CONVERSION = YES;
				CLANG_WARN_COMMA = YES;
				CLANG_WARN_CONSTANT_CONVERSION = YES;
				CLANG_WARN_DEPRECATED_OBJC_IMPLEMENTATIONS = YES;
				CLANG_WARN_DIRECT_OBJC_ISA_USAGE = YES_ERROR;
				CLANG_WARN_DOCUMENTATION_COMMENTS = YES;
				CLANG_WARN_EMPTY_BODY = YES;
				CLANG_WARN_ENUM_CONVERSION = YES;
				CLANG_WARN_INFINITE_RECURSION = YES;
				CLANG_WARN_INT_CONVERSION = YES;
				CLANG_WARN_NON_LITERAL_NULL_CONVERSION = YES;
				CLANG_WARN_OBJC_IMPLICIT_RETAIN_SELF = YES;
				CLANG_WARN_OBJC_LITERAL_CONVERSION = YES;
				CLANG_WARN_OBJC_ROOT_CLASS = YES_ERROR;
				CLANG_WARN_QUOTED_INCLUDE_IN_FRAMEWORK_HEADER = YES;
				CLANG_WARN_RANGE_LOOP_ANALYSIS = YES;
				CLANG_WARN_STRICT_PROTOTYPES = YES;
				CLANG_WARN_SUSPICIOUS_MOVE = YES;
				CLANG_WARN_UNGUARDED_AVAILABILITY = YES_AGGRESSIVE;
				CLANG_WARN_UNREACHABLE_CODE = YES;
				CLANG_WARN__DUPLICATE_METHOD_MATCH = YES;
				COPY_PHASE_STRIP = NO;
				DEBUG_INFORMATION_FORMAT = "dwarf-with-dsym";
				ENABLE_NS_ASSERTIONS = NO;
				ENABLE_STRICT_OBJC_MSGSEND = YES;
				GCC_C_LANGUAGE_STANDARD = gnu11;
				GCC_NO_COMMON_BLOCKS = YES;
				GCC_WARN_64_TO_32_BIT_CONVERSION = YES;
				GCC_WARN_ABOUT_RETURN_TYPE = YES_ERROR;
				GCC_WARN_UNDECLARED_SELECTOR = YES;
				GCC_WARN_UNINITIALIZED_AUTOS = YES_AGGRESSIVE;
				GCC_WARN_UNUSED_FUNCTION = YES;
				GCC_WARN_UNUSED_VARIABLE = YES;
				IPHONEOS_DEPLOYMENT_TARGET = 14.5;
				MTL_ENABLE_DEBUG_INFO = NO;
				MTL_FAST_MATH = YES;
				SDKROOT = iphoneos;
				SWIFT_COMPILATION_MODE = wholemodule;
				SWIFT_OPTIMIZATION_LEVEL = "-O";
				VALIDATE_PRODUCT = YES;
			};
			name = Release;
		};
		FADB9AB226DFF08500BE8481 /* Debug */ = {
			isa = XCBuildConfiguration;
			buildSettings = {
				ASSETCATALOG_COMPILER_APPICON_NAME = AppIcon;
				ASSETCATALOG_COMPILER_GLOBAL_ACCENT_COLOR_NAME = AccentColor;
				CODE_SIGN_STYLE = Automatic;
				INFOPLIST_FILE = canEco/Info.plist;
				LD_RUNPATH_SEARCH_PATHS = (
					"$(inherited)",
					"@executable_path/Frameworks",
				);
				PRODUCT_BUNDLE_IDENTIFIER = com.example.canEco;
				PRODUCT_NAME = "$(TARGET_NAME)";
				SWIFT_VERSION = 5.0;
				TARGETED_DEVICE_FAMILY = "1,2";
			};
			name = Debug;
		};
		FADB9AB326DFF08500BE8481 /* Release */ = {
			isa = XCBuildConfiguration;
			buildSettings = {
				ASSETCATALOG_COMPILER_APPICON_NAME = AppIcon;
				ASSETCATALOG_COMPILER_GLOBAL_ACCENT_COLOR_NAME = AccentColor;
				CODE_SIGN_STYLE = Automatic;
				INFOPLIST_FILE = canEco/Info.plist;
				LD_RUNPATH_SEARCH_PATHS = (
					"$(inherited)",
					"@executable_path/Frameworks",
				);
				PRODUCT_BUNDLE_IDENTIFIER = com.example.canEco;
				PRODUCT_NAME = "$(TARGET_NAME)";
				SWIFT_VERSION = 5.0;
				TARGETED_DEVICE_FAMILY = "1,2";
			};
			name = Release;
		};
/* End XCBuildConfiguration section */

/* Begin XCConfigurationList section */
		FADB9A9826DFF08400BE8481 /* Build configuration list for PBXProject "canEco" */ = {
			isa = XCConfigurationList;
			buildConfigurations = (
				FADB9AAF26DFF08500BE8481 /* Debug */,
				FADB9AB026DFF08500BE8481 /* Release */,
			);
			defaultConfigurationIsVisible = 0;
			defaultConfigurationName = Release;
		};
		FADB9AB126DFF08500BE8481 /* Build configuration list for PBXNativeTarget "canEco" */ = {
			isa = XCConfigurationList;
			buildConfigurations = (
				FADB9AB226DFF08500BE8481 /* Debug */,
				FADB9AB326DFF08500BE8481 /* Release */,
			);
			defaultConfigurationIsVisible = 0;
			defaultConfigurationName = Release;
		};
/* End XCConfigurationList section */
	};
	rootObject = FADB9A9526DFF08400BE8481 /* Project object */;
}
